
Microsoft Visual Studio Solution File, Format Version 12.00
# Visual Studio Version 16
VisualStudioVersion = 16.0.32126.315
MinimumVisualStudioVersion = 10.0.40219.1
Project("{FAE04EC0-301F-11D3-BF4B-00C04F79EFBC}") = "CopyGroupPlugin", "CopyGroupPlugin\CopyGroupPlugin.csproj", "{45A51A44-640F-485A-9792-6F01CB7AD323}"
EndProject
Global
	GlobalSection(SolutionConfigurationPlatforms) = preSolution
		Debug|Any CPU = Debug|Any CPU
		Release|Any CPU = Release|Any CPU
	EndGlobalSection
	GlobalSection(ProjectConfigurationPlatforms) = postSolution
		{45A51A44-640F-485A-9792-6F01CB7AD323}.Debug|Any CPU.ActiveCfg = Debug|Any CPU
		{45A51A44-640F-485A-9792-6F01CB7AD323}.Debug|Any CPU.Build.0 = Debug|Any CPU
		{45A51A44-640F-485A-9792-6F01CB7AD323}.Release|Any CPU.ActiveCfg = Release|Any CPU
		{45A51A44-640F-485A-9792-6F01CB7AD323}.Release|Any CPU.Build.0 = Release|Any CPU
	EndGlobalSection
	GlobalSection(SolutionProperties) = preSolution
		HideSolutionNode = FALSE
	EndGlobalSection
	GlobalSection(ExtensibilityGlobals) = postSolution
		SolutionGuid = {B5862A77-0F63-45D3-982A-DA46C260E692}
	EndGlobalSection
EndGlobal
